{"projectHash":"2785ae1942af8b8a30c72d1e9ac905fcc0afcc62","productModuleName":"MockingSampleApp_iOS","sourceFilePaths":[{"path":"\/Users\/c.werner\/Pango\/MockingSampleApp\/Common\/Bird.swift","hash":"93041753c2de3b387343f49a93db42dc299fb2ad"},{"path":"\/Users\/c.werner\/Pango\/MockingSampleApp\/MockingSampleApp-iOS\/AppDelegate.swift","hash":"b6bb64aaf25a1aa8abe9eeb261669ffc393178c3"},{"path":"\/Users\/c.werner\/Pango\/MockingSampleApp\/MockingSampleApp-iOS\/SceneDelegate.swift","hash":"3bf64935052bc3485789c8b6319672323bb77ec3"},{"path":"\/Users\/c.werner\/Pango\/MockingSampleApp\/MockingSampleApp-iOS\/ViewController.swift","hash":"1488cccfe88cb42a6f9fdedc93c1a502173e9c03"}],"outputHash":"e52b4d2211572d82cb66f74cdf70e84499222528","supportingFilePaths":[],"sourceRoot":"\/Users\/c.werner\/Pango\/MockingSampleApp","targetPathsHash":"10863f370ba501324c5fe994c5653ea2fde38df9","dependencyPathsHash":"da39a3ee5e6b4b0d3255bfef95601890afd80709","dependencies":[],"name":"MockingSampleApp-iOS","cliVersion":"0.12.0"}