{"projectHash":"2785ae1942af8b8a30c72d1e9ac905fcc0afcc62","productModuleName":"MockingSampleApp_macOS","sourceFilePaths":[{"path":"\/Users\/c.werner\/Desktop\/MockingSampleApp\/Common\/Bird.swift","hash":"93041753c2de3b387343f49a93db42dc299fb2ad"},{"path":"\/Users\/c.werner\/Desktop\/MockingSampleApp\/MockingSampleApp-macOS\/AppDelegate.swift","hash":"df3c4c3534f628b8cf9e8d4796a38f5cf8ffe828"},{"path":"\/Users\/c.werner\/Desktop\/MockingSampleApp\/MockingSampleApp-macOS\/ViewController.swift","hash":"82be9f04c057a3d9a68f5d150055c371484d5c77"}],"outputHash":"9c20ee4c16550bc35c2425eae2c49fe9312f7218","supportingFilePaths":[],"sourceRoot":"\/Users\/c.werner\/Desktop\/MockingSampleApp","targetPathsHash":"602b01071f9d4288bc494f5d7ac340b06b79b988","dependencyPathsHash":"da39a3ee5e6b4b0d3255bfef95601890afd80709","dependencies":[],"name":"MockingSampleApp-macOS","cliVersion":"0.12.0"}